
Microsoft Visual Studio Solution File, Format Version 12.00
# Visual Studio 2015
Project("{FAE04EC0-301F-11D3-BF4B-00C04F79EFBC}") = "TILE_Prototype.CSharp", "TILE_Prototype.CSharp.csproj", "{BDF22DAE-0E37-9968-B54C-6159DEE1D165}"
EndProject
Project("{FAE04EC0-301F-11D3-BF4B-00C04F79EFBC}") = "TILE_Prototype.CSharp.Editor", "TILE_Prototype.CSharp.Editor.csproj", "{5457F33E-E7F9-B09E-8AF8-45183E7F7593}"
EndProject
Global
	GlobalSection(SolutionConfigurationPlatforms) = preSolution
		Debug|Any CPU = Debug|Any CPU
		Release|Any CPU = Release|Any CPU
	EndGlobalSection
	GlobalSection(ProjectConfigurationPlatforms) = postSolution
		{BDF22DAE-0E37-9968-B54C-6159DEE1D165}.Debug|Any CPU.ActiveCfg = Debug|Any CPU
		{BDF22DAE-0E37-9968-B54C-6159DEE1D165}.Debug|Any CPU.Build.0 = Debug|Any CPU
		{BDF22DAE-0E37-9968-B54C-6159DEE1D165}.Release|Any CPU.ActiveCfg = Release|Any CPU
		{BDF22DAE-0E37-9968-B54C-6159DEE1D165}.Release|Any CPU.Build.0 = Release|Any CPU
		{5457F33E-E7F9-B09E-8AF8-45183E7F7593}.Debug|Any CPU.ActiveCfg = Debug|Any CPU
		{5457F33E-E7F9-B09E-8AF8-45183E7F7593}.Debug|Any CPU.Build.0 = Debug|Any CPU
		{5457F33E-E7F9-B09E-8AF8-45183E7F7593}.Release|Any CPU.ActiveCfg = Release|Any CPU
		{5457F33E-E7F9-B09E-8AF8-45183E7F7593}.Release|Any CPU.Build.0 = Release|Any CPU
	EndGlobalSection
	GlobalSection(SolutionProperties) = preSolution
		HideSolutionNode = FALSE
	EndGlobalSection
EndGlobal
